// !$*UTF8*$!
{
	archiveVersion = 1;
	classes = {
	};
	objectVersion = 55;
	objects = {

/* Begin PBXBuildFile section */
		520B3C922A71318900311326 /* AppDelegate.swift in Sources */ = {isa = PBXBuildFile; fileRef = 520B3C912A71318900311326 /* AppDelegate.swift */; };
		520B3C942A71318900311326 /* SceneDelegate.swift in Sources */ = {isa = PBXBuildFile; fileRef = 520B3C932A71318900311326 /* SceneDelegate.swift */; };
		520B3C962A71318900311326 /* ViewController.swift in Sources */ = {isa = PBXBuildFile; fileRef = 520B3C952A71318900311326 /* ViewController.swift */; };
		520B3C992A71318900311326 /* Main.storyboard in Resources */ = {isa = PBXBuildFile; fileRef = 520B3C972A71318900311326 /* Main.storyboard */; };
		520B3C9B2A71318A00311326 /* Assets.xcassets in Resources */ = {isa = PBXBuildFile; fileRef = 520B3C9A2A71318A00311326 /* Assets.xcassets */; };
		520B3C9E2A71318A00311326 /* LaunchScreen.storyboard in Resources */ = {isa = PBXBuildFile; fileRef = 520B3C9C2A71318A00311326 /* LaunchScreen.storyboard */; };
		520B3CAA2A7132BE00311326 /* FlickrClient.swift in Sources */ = {isa = PBXBuildFile; fileRef = 520B3CA92A7132BE00311326 /* FlickrClient.swift */; };
		520B3CAE2A72625800311326 /* SearchPhotosResponse.swift in Sources */ = {isa = PBXBuildFile; fileRef = 520B3CAD2A72625800311326 /* SearchPhotosResponse.swift */; };
		520B3CB02A726E7700311326 /* ErrorResponse.swift in Sources */ = {isa = PBXBuildFile; fileRef = 520B3CAF2A726E7700311326 /* ErrorResponse.swift */; };
		520B3CB32A7278ED00311326 /* VirtualTourist.xcdatamodeld in Sources */ = {isa = PBXBuildFile; fileRef = 520B3CB12A7278ED00311326 /* VirtualTourist.xcdatamodeld */; };
		520B3CB52A727A7C00311326 /* TravelLocationsMapViewController.swift in Sources */ = {isa = PBXBuildFile; fileRef = 520B3CB42A727A7C00311326 /* TravelLocationsMapViewController.swift */; };
		520B3CB72A7282D400311326 /* DataController.swift in Sources */ = {isa = PBXBuildFile; fileRef = 520B3CB62A7282D400311326 /* DataController.swift */; };
		520B3CBA2A728A4500311326 /* Pin+Extension.swift in Sources */ = {isa = PBXBuildFile; fileRef = 520B3CB92A728A4500311326 /* Pin+Extension.swift */; };
/* End PBXBuildFile section */

/* Begin PBXFileReference section */
		520B3C8E2A71318900311326 /* VirtualTourist.app */ = {isa = PBXFileReference; explicitFileType = wrapper.application; includeInIndex = 0; path = VirtualTourist.app; sourceTree = BUILT_PRODUCTS_DIR; };
		520B3C912A71318900311326 /* AppDelegate.swift */ = {isa = PBXFileReference; lastKnownFileType = sourcecode.swift; path = AppDelegate.swift; sourceTree = "<group>"; };
		520B3C932A71318900311326 /* SceneDelegate.swift */ = {isa = PBXFileReference; lastKnownFileType = sourcecode.swift; path = SceneDelegate.swift; sourceTree = "<group>"; };
		520B3C952A71318900311326 /* ViewController.swift */ = {isa = PBXFileReference; lastKnownFileType = sourcecode.swift; path = ViewController.swift; sourceTree = "<group>"; };
		520B3C982A71318900311326 /* Base */ = {isa = PBXFileReference; lastKnownFileType = file.storyboard; name = Base; path = Base.lproj/Main.storyboard; sourceTree = "<group>"; };
		520B3C9A2A71318A00311326 /* Assets.xcassets */ = {isa = PBXFileReference; lastKnownFileType = folder.assetcatalog; path = Assets.xcassets; sourceTree = "<group>"; };
		520B3C9D2A71318A00311326 /* Base */ = {isa = PBXFileReference; lastKnownFileType = file.storyboard; name = Base; path = Base.lproj/LaunchScreen.storyboard; sourceTree = "<group>"; };
		520B3C9F2A71318A00311326 /* Info.plist */ = {isa = PBXFileReference; lastKnownFileType = text.plist.xml; path = Info.plist; sourceTree = "<group>"; };
		520B3CA92A7132BE00311326 /* FlickrClient.swift */ = {isa = PBXFileReference; lastKnownFileType = sourcecode.swift; path = FlickrClient.swift; sourceTree = "<group>"; };
		520B3CAD2A72625800311326 /* SearchPhotosResponse.swift */ = {isa = PBXFileReference; lastKnownFileType = sourcecode.swift; path = SearchPhotosResponse.swift; sourceTree = "<group>"; };
		520B3CAF2A726E7700311326 /* ErrorResponse.swift */ = {isa = PBXFileReference; lastKnownFileType = sourcecode.swift; path = ErrorResponse.swift; sourceTree = "<group>"; };
		520B3CB22A7278ED00311326 /* VirtualTourist.xcdatamodel */ = {isa = PBXFileReference; lastKnownFileType = wrapper.xcdatamodel; path = VirtualTourist.xcdatamodel; sourceTree = "<group>"; };
		520B3CB42A727A7C00311326 /* TravelLocationsMapViewController.swift */ = {isa = PBXFileReference; lastKnownFileType = sourcecode.swift; path = TravelLocationsMapViewController.swift; sourceTree = "<group>"; };
		520B3CB62A7282D400311326 /* DataController.swift */ = {isa = PBXFileReference; lastKnownFileType = sourcecode.swift; path = DataController.swift; sourceTree = "<group>"; };
		520B3CB92A728A4500311326 /* Pin+Extension.swift */ = {isa = PBXFileReference; lastKnownFileType = sourcecode.swift; path = "Pin+Extension.swift"; sourceTree = "<group>"; };
/* End PBXFileReference section */

/* Begin PBXFrameworksBuildPhase section */
		520B3C8B2A71318900311326 /* Frameworks */ = {
			isa = PBXFrameworksBuildPhase;
			buildActionMask = 2147483647;
			files = (
			);
			runOnlyForDeploymentPostprocessing = 0;
		};
/* End PBXFrameworksBuildPhase section */

/* Begin PBXGroup section */
		520B3C852A71318900311326 = {
			isa = PBXGroup;
			children = (
				520B3C902A71318900311326 /* VirtualTourist */,
				520B3C8F2A71318900311326 /* Products */,
			);
			sourceTree = "<group>";
		};
		520B3C8F2A71318900311326 /* Products */ = {
			isa = PBXGroup;
			children = (
				520B3C8E2A71318900311326 /* VirtualTourist.app */,
			);
			name = Products;
			sourceTree = "<group>";
		};
		520B3C902A71318900311326 /* VirtualTourist */ = {
			isa = PBXGroup;
			children = (
				520B3CA72A71321C00311326 /* Controller */,
				520B3CA62A71321500311326 /* View */,
				520B3CA52A71320D00311326 /* Model */,
				520B3C912A71318900311326 /* AppDelegate.swift */,
				520B3C932A71318900311326 /* SceneDelegate.swift */,
				520B3C9F2A71318A00311326 /* Info.plist */,
			);
			path = VirtualTourist;
			sourceTree = "<group>";
		};
		520B3CA52A71320D00311326 /* Model */ = {
			isa = PBXGroup;
			children = (
				520B3CB82A728A0A00311326 /* Managed Object Extensions */,
				520B3CAC2A7261D400311326 /* Common */,
				520B3CAB2A72618900311326 /* Response */,
				520B3CA92A7132BE00311326 /* FlickrClient.swift */,
				520B3CB12A7278ED00311326 /* VirtualTourist.xcdatamodeld */,
				520B3CB62A7282D400311326 /* DataController.swift */,
			);
			path = Model;
			sourceTree = "<group>";
		};
		520B3CA62A71321500311326 /* View */ = {
			isa = PBXGroup;
			children = (
				520B3C9A2A71318A00311326 /* Assets.xcassets */,
				520B3C972A71318900311326 /* Main.storyboard */,
				520B3C9C2A71318A00311326 /* LaunchScreen.storyboard */,
			);
			path = View;
			sourceTree = "<group>";
		};
		520B3CA72A71321C00311326 /* Controller */ = {
			isa = PBXGroup;
			children = (
				520B3C952A71318900311326 /* ViewController.swift */,
				520B3CB42A727A7C00311326 /* TravelLocationsMapViewController.swift */,
			);
			path = Controller;
			sourceTree = "<group>";
		};
		520B3CAB2A72618900311326 /* Response */ = {
			isa = PBXGroup;
			children = (
				520B3CAD2A72625800311326 /* SearchPhotosResponse.swift */,
				520B3CAF2A726E7700311326 /* ErrorResponse.swift */,
			);
			path = Response;
			sourceTree = "<group>";
		};
		520B3CAC2A7261D400311326 /* Common */ = {
			isa = PBXGroup;
			children = (
			);
			path = Common;
			sourceTree = "<group>";
		};
		520B3CB82A728A0A00311326 /* Managed Object Extensions */ = {
			isa = PBXGroup;
			children = (
				520B3CB92A728A4500311326 /* Pin+Extension.swift */,
			);
			path = "Managed Object Extensions";
			sourceTree = "<group>";
		};
/* End PBXGroup section */

/* Begin PBXNativeTarget section */
		520B3C8D2A71318900311326 /* VirtualTourist */ = {
			isa = PBXNativeTarget;
			buildConfigurationList = 520B3CA22A71318A00311326 /* Build configuration list for PBXNativeTarget "VirtualTourist" */;
			buildPhases = (
				520B3C8A2A71318900311326 /* Sources */,
				520B3C8B2A71318900311326 /* Frameworks */,
				520B3C8C2A71318900311326 /* Resources */,
			);
			buildRules = (
			);
			dependencies = (
			);
			name = VirtualTourist;
			productName = VirtualTourist;
			productReference = 520B3C8E2A71318900311326 /* VirtualTourist.app */;
			productType = "com.apple.product-type.application";
		};
/* End PBXNativeTarget section */

/* Begin PBXProject section */
		520B3C862A71318900311326 /* Project object */ = {
			isa = PBXProject;
			attributes = {
				BuildIndependentTargetsInParallel = 1;
				LastSwiftUpdateCheck = 1340;
				LastUpgradeCheck = 1340;
				TargetAttributes = {
					520B3C8D2A71318900311326 = {
						CreatedOnToolsVersion = 13.4.1;
					};
				};
			};
			buildConfigurationList = 520B3C892A71318900311326 /* Build configuration list for PBXProject "VirtualTourist" */;
			compatibilityVersion = "Xcode 13.0";
			developmentRegion = en;
			hasScannedForEncodings = 0;
			knownRegions = (
				en,
				Base,
			);
			mainGroup = 520B3C852A71318900311326;
			productRefGroup = 520B3C8F2A71318900311326 /* Products */;
			projectDirPath = "";
			projectRoot = "";
			targets = (
				520B3C8D2A71318900311326 /* VirtualTourist */,
			);
		};
/* End PBXProject section */

/* Begin PBXResourcesBuildPhase section */
		520B3C8C2A71318900311326 /* Resources */ = {
			isa = PBXResourcesBuildPhase;
			buildActionMask = 2147483647;
			files = (
				520B3C9E2A71318A00311326 /* LaunchScreen.storyboard in Resources */,
				520B3C9B2A71318A00311326 /* Assets.xcassets in Resources */,
				520B3C992A71318900311326 /* Main.storyboard in Resources */,
			);
			runOnlyForDeploymentPostprocessing = 0;
		};
/* End PBXResourcesBuildPhase section */

/* Begin PBXSourcesBuildPhase section */
		520B3C8A2A71318900311326 /* Sources */ = {
			isa = PBXSourcesBuildPhase;
			buildActionMask = 2147483647;
			files = (
				520B3CB32A7278ED00311326 /* VirtualTourist.xcdatamodeld in Sources */,
				520B3CAE2A72625800311326 /* SearchPhotosResponse.swift in Sources */,
				520B3CB52A727A7C00311326 /* TravelLocationsMapViewController.swift in Sources */,
				520B3C962A71318900311326 /* ViewController.swift in Sources */,
				520B3CB72A7282D400311326 /* DataController.swift in Sources */,
				520B3C922A71318900311326 /* AppDelegate.swift in Sources */,
				520B3CB02A726E7700311326 /* ErrorResponse.swift in Sources */,
				520B3C942A71318900311326 /* SceneDelegate.swift in Sources */,
				520B3CAA2A7132BE00311326 /* FlickrClient.swift in Sources */,
				520B3CBA2A728A4500311326 /* Pin+Extension.swift in Sources */,
			);
			runOnlyForDeploymentPostprocessing = 0;
		};
/* End PBXSourcesBuildPhase section */

/* Begin PBXVariantGroup section */
		520B3C972A71318900311326 /* Main.storyboard */ = {
			isa = PBXVariantGroup;
			children = (
				520B3C982A71318900311326 /* Base */,
			);
			name = Main.storyboard;
			sourceTree = "<group>";
		};
		520B3C9C2A71318A00311326 /* LaunchScreen.storyboard */ = {
			isa = PBXVariantGroup;
			children = (
				520B3C9D2A71318A00311326 /* Base */,
			);
			name = LaunchScreen.storyboard;
			sourceTree = "<group>";
		};
/* End PBXVariantGroup section */

/* Begin XCBuildConfiguration section */
		520B3CA02A71318A00311326 /* Debug */ = {
			isa = XCBuildConfiguration;
			buildSettings = {
				ALWAYS_SEARCH_USER_PATHS = NO;
				CLANG_ANALYZER_NONNULL = YES;
				CLANG_ANALYZER_NUMBER_OBJECT_CONVERSION = YES_AGGRESSIVE;
				CLANG_CXX_LANGUAGE_STANDARD = "gnu++17";
				CLANG_ENABLE_MODULES = YES;
				CLANG_ENABLE_OBJC_ARC = YES;
				CLANG_ENABLE_OBJC_WEAK = YES;
				CLANG_WARN_BLOCK_CAPTURE_AUTORELEASING = YES;
				CLANG_WARN_BOOL_CONVERSION = YES;
				CLANG_WARN_COMMA = YES;
				CLANG_WARN_CONSTANT_CONVERSION = YES;
				CLANG_WARN_DEPRECATED_OBJC_IMPLEMENTATIONS = YES;
				CLANG_WARN_DIRECT_OBJC_ISA_USAGE = YES_ERROR;
				CLANG_WARN_DOCUMENTATION_COMMENTS = YES;
				CLANG_WARN_EMPTY_BODY = YES;
				CLANG_WARN_ENUM_CONVERSION = YES;
				CLANG_WARN_INFINITE_RECURSION = YES;
				CLANG_WARN_INT_CONVERSION = YES;
				CLANG_WARN_NON_LITERAL_NULL_CONVERSION = YES;
				CLANG_WARN_OBJC_IMPLICIT_RETAIN_SELF = YES;
				CLANG_WARN_OBJC_LITERAL_CONVERSION = YES;
				CLANG_WARN_OBJC_ROOT_CLASS = YES_ERROR;
				CLANG_WARN_QUOTED_INCLUDE_IN_FRAMEWORK_HEADER = YES;
				CLANG_WARN_RANGE_LOOP_ANALYSIS = YES;
				CLANG_WARN_STRICT_PROTOTYPES = YES;
				CLANG_WARN_SUSPICIOUS_MOVE = YES;
				CLANG_WARN_UNGUARDED_AVAILABILITY = YES_AGGRESSIVE;
				CLANG_WARN_UNREACHABLE_CODE = YES;
				CLANG_WARN__DUPLICATE_METHOD_MATCH = YES;
				COPY_PHASE_STRIP = NO;
				DEBUG_INFORMATION_FORMAT = dwarf;
				ENABLE_STRICT_OBJC_MSGSEND = YES;
				ENABLE_TESTABILITY = YES;
				GCC_C_LANGUAGE_STANDARD = gnu11;
				GCC_DYNAMIC_NO_PIC = NO;
				GCC_NO_COMMON_BLOCKS = YES;
				GCC_OPTIMIZATION_LEVEL = 0;
				GCC_PREPROCESSOR_DEFINITIONS = (
					"DEBUG=1",
					"$(inherited)",
				);
				GCC_WARN_64_TO_32_BIT_CONVERSION = YES;
				GCC_WARN_ABOUT_RETURN_TYPE = YES_ERROR;
				GCC_WARN_UNDECLARED_SELECTOR = YES;
				GCC_WARN_UNINITIALIZED_AUTOS = YES_AGGRESSIVE;
				GCC_WARN_UNUSED_FUNCTION = YES;
				GCC_WARN_UNUSED_VARIABLE = YES;
				IPHONEOS_DEPLOYMENT_TARGET = 15.5;
				MTL_ENABLE_DEBUG_INFO = INCLUDE_SOURCE;
				MTL_FAST_MATH = YES;
				ONLY_ACTIVE_ARCH = YES;
				SDKROOT = iphoneos;
				SWIFT_ACTIVE_COMPILATION_CONDITIONS = DEBUG;
				SWIFT_OPTIMIZATION_LEVEL = "-Onone";
			};
			name = Debug;
		};
		520B3CA12A71318A00311326 /* Release */ = {
			isa = XCBuildConfiguration;
			buildSettings = {
				ALWAYS_SEARCH_USER_PATHS = NO;
				CLANG_ANALYZER_NONNULL = YES;
				CLANG_ANALYZER_NUMBER_OBJECT_CONVERSION = YES_AGGRESSIVE;
				CLANG_CXX_LANGUAGE_STANDARD = "gnu++17";
				CLANG_ENABLE_MODULES = YES;
				CLANG_ENABLE_OBJC_ARC = YES;
				CLANG_ENABLE_OBJC_WEAK = YES;
				CLANG_WARN_BLOCK_CAPTURE_AUTORELEASING = YES;
				CLANG_WARN_BOOL_CONVERSION = YES;
				CLANG_WARN_COMMA = YES;
				CLANG_WARN_CONSTANT_CONVERSION = YES;
				CLANG_WARN_DEPRECATED_OBJC_IMPLEMENTATIONS = YES;
				CLANG_WARN_DIRECT_OBJC_ISA_USAGE = YES_ERROR;
				CLANG_WARN_DOCUMENTATION_COMMENTS = YES;
				CLANG_WARN_EMPTY_BODY = YES;
				CLANG_WARN_ENUM_CONVERSION = YES;
				CLANG_WARN_INFINITE_RECURSION = YES;
				CLANG_WARN_INT_CONVERSION = YES;
				CLANG_WARN_NON_LITERAL_NULL_CONVERSION = YES;
				CLANG_WARN_OBJC_IMPLICIT_RETAIN_SELF = YES;
				CLANG_WARN_OBJC_LITERAL_CONVERSION = YES;
				CLANG_WARN_OBJC_ROOT_CLASS = YES_ERROR;
				CLANG_WARN_QUOTED_INCLUDE_IN_FRAMEWORK_HEADER = YES;
				CLANG_WARN_RANGE_LOOP_ANALYSIS = YES;
				CLANG_WARN_STRICT_PROTOTYPES = YES;
				CLANG_WARN_SUSPICIOUS_MOVE = YES;
				CLANG_WARN_UNGUARDED_AVAILABILITY = YES_AGGRESSIVE;
				CLANG_WARN_UNREACHABLE_CODE = YES;
				CLANG_WARN__DUPLICATE_METHOD_MATCH = YES;
				COPY_PHASE_STRIP = NO;
				DEBUG_INFORMATION_FORMAT = "dwarf-with-dsym";
				ENABLE_NS_ASSERTIONS = NO;
				ENABLE_STRICT_OBJC_MSGSEND = YES;
				GCC_C_LANGUAGE_STANDARD = gnu11;
				GCC_NO_COMMON_BLOCKS = YES;
				GCC_WARN_64_TO_32_BIT_CONVERSION = YES;
				GCC_WARN_ABOUT_RETURN_TYPE = YES_ERROR;
				GCC_WARN_UNDECLARED_SELECTOR = YES;
				GCC_WARN_UNINITIALIZED_AUTOS = YES_AGGRESSIVE;
				GCC_WARN_UNUSED_FUNCTION = YES;
				GCC_WARN_UNUSED_VARIABLE = YES;
				IPHONEOS_DEPLOYMENT_TARGET = 15.5;
				MTL_ENABLE_DEBUG_INFO = NO;
				MTL_FAST_MATH = YES;
				SDKROOT = iphoneos;
				SWIFT_COMPILATION_MODE = wholemodule;
				SWIFT_OPTIMIZATION_LEVEL = "-O";
				VALIDATE_PRODUCT = YES;
			};
			name = Release;
		};
		520B3CA32A71318A00311326 /* Debug */ = {
			isa = XCBuildConfiguration;
			buildSettings = {
				ASSETCATALOG_COMPILER_APPICON_NAME = AppIcon;
				ASSETCATALOG_COMPILER_GLOBAL_ACCENT_COLOR_NAME = AccentColor;
				CODE_SIGN_STYLE = Automatic;
				CURRENT_PROJECT_VERSION = 1;
				GENERATE_INFOPLIST_FILE = YES;
				INFOPLIST_FILE = VirtualTourist/Info.plist;
				INFOPLIST_KEY_UIApplicationSupportsIndirectInputEvents = YES;
				INFOPLIST_KEY_UILaunchStoryboardName = LaunchScreen;
				INFOPLIST_KEY_UIMainStoryboardFile = Main;
				INFOPLIST_KEY_UISupportedInterfaceOrientations_iPad = "UIInterfaceOrientationPortrait UIInterfaceOrientationPortraitUpsideDown UIInterfaceOrientationLandscapeLeft UIInterfaceOrientationLandscapeRight";
				INFOPLIST_KEY_UISupportedInterfaceOrientations_iPhone = "UIInterfaceOrientationPortrait UIInterfaceOrientationLandscapeLeft UIInterfaceOrientationLandscapeRight";
				LD_RUNPATH_SEARCH_PATHS = (
					"$(inherited)",
					"@executable_path/Frameworks",
				);
				MARKETING_VERSION = 1.0;
				PRODUCT_BUNDLE_IDENTIFIER = OnSwitchOff.VirtualTourist;
				PRODUCT_NAME = "$(TARGET_NAME)";
				SWIFT_EMIT_LOC_STRINGS = YES;
				SWIFT_VERSION = 5.0;
				TARGETED_DEVICE_FAMILY = "1,2";
			};
			name = Debug;
		};
		520B3CA42A71318A00311326 /* Release */ = {
			isa = XCBuildConfiguration;
			buildSettings = {
				ASSETCATALOG_COMPILER_APPICON_NAME = AppIcon;
				ASSETCATALOG_COMPILER_GLOBAL_ACCENT_COLOR_NAME = AccentColor;
				CODE_SIGN_STYLE = Automatic;
				CURRENT_PROJECT_VERSION = 1;
				GENERATE_INFOPLIST_FILE = YES;
				INFOPLIST_FILE = VirtualTourist/Info.plist;
				INFOPLIST_KEY_UIApplicationSupportsIndirectInputEvents = YES;
				INFOPLIST_KEY_UILaunchStoryboardName = LaunchScreen;
				INFOPLIST_KEY_UIMainStoryboardFile = Main;
				INFOPLIST_KEY_UISupportedInterfaceOrientations_iPad = "UIInterfaceOrientationPortrait UIInterfaceOrientationPortraitUpsideDown UIInterfaceOrientationLandscapeLeft UIInterfaceOrientationLandscapeRight";
				INFOPLIST_KEY_UISupportedInterfaceOrientations_iPhone = "UIInterfaceOrientationPortrait UIInterfaceOrientationLandscapeLeft UIInterfaceOrientationLandscapeRight";
				LD_RUNPATH_SEARCH_PATHS = (
					"$(inherited)",
					"@executable_path/Frameworks",
				);
				MARKETING_VERSION = 1.0;
				PRODUCT_BUNDLE_IDENTIFIER = OnSwitchOff.VirtualTourist;
				PRODUCT_NAME = "$(TARGET_NAME)";
				SWIFT_EMIT_LOC_STRINGS = YES;
				SWIFT_VERSION = 5.0;
				TARGETED_DEVICE_FAMILY = "1,2";
			};
			name = Release;
		};
/* End XCBuildConfiguration section */

/* Begin XCConfigurationList section */
		520B3C892A71318900311326 /* Build configuration list for PBXProject "VirtualTourist" */ = {
			isa = XCConfigurationList;
			buildConfigurations = (
				520B3CA02A71318A00311326 /* Debug */,
				520B3CA12A71318A00311326 /* Release */,
			);
			defaultConfigurationIsVisible = 0;
			defaultConfigurationName = Release;
		};
		520B3CA22A71318A00311326 /* Build configuration list for PBXNativeTarget "VirtualTourist" */ = {
			isa = XCConfigurationList;
			buildConfigurations = (
				520B3CA32A71318A00311326 /* Debug */,
				520B3CA42A71318A00311326 /* Release */,
			);
			defaultConfigurationIsVisible = 0;
			defaultConfigurationName = Release;
		};
/* End XCConfigurationList section */

/* Begin XCVersionGroup section */
		520B3CB12A7278ED00311326 /* VirtualTourist.xcdatamodeld */ = {
			isa = XCVersionGroup;
			children = (
				520B3CB22A7278ED00311326 /* VirtualTourist.xcdatamodel */,
			);
			currentVersion = 520B3CB22A7278ED00311326 /* VirtualTourist.xcdatamodel */;
			path = VirtualTourist.xcdatamodeld;
			sourceTree = "<group>";
			versionGroupType = wrapper.xcdatamodel;
		};
/* End XCVersionGroup section */
	};
	rootObject = 520B3C862A71318900311326 /* Project object */;
}
